
Microsoft Visual Studio Solution File, Format Version 12.00
# Visual Studio 15
VisualStudioVersion = 15.0.28010.2036
MinimumVisualStudioVersion = 10.0.40219.1
Project("{FAE04EC0-301F-11D3-BF4B-00C04F79EFBC}") = "ADSolution", "ADSolution\ADSolution.csproj", "{A435C81D-2115-4245-B79D-490F9773A96B}"
EndProject
Global
	GlobalSection(SolutionConfigurationPlatforms) = preSolution
		Debug|Any CPU = Debug|Any CPU
		Release|Any CPU = Release|Any CPU
	EndGlobalSection
	GlobalSection(ProjectConfigurationPlatforms) = postSolution
		{A435C81D-2115-4245-B79D-490F9773A96B}.Debug|Any CPU.ActiveCfg = Debug|Any CPU
		{A435C81D-2115-4245-B79D-490F9773A96B}.Debug|Any CPU.Build.0 = Debug|Any CPU
		{A435C81D-2115-4245-B79D-490F9773A96B}.Release|Any CPU.ActiveCfg = Release|Any CPU
		{A435C81D-2115-4245-B79D-490F9773A96B}.Release|Any CPU.Build.0 = Release|Any CPU
	EndGlobalSection
	GlobalSection(SolutionProperties) = preSolution
		HideSolutionNode = FALSE
	EndGlobalSection
	GlobalSection(ExtensibilityGlobals) = postSolution
		SolutionGuid = {83C8E681-7EBF-4F6B-931D-8B02DADCB8CB}
	EndGlobalSection
EndGlobal
